<?xml version="1.0" encoding="utf-8"?>
<Project ToolsVersion="4.0" xmlns="http://schemas.microsoft.com/developer/msbuild/2003">
  <ItemGroup>
    <ClCompile Include="..\common\EffekseerPluginCommon.cpp">
      <Filter>common</Filter>
    </ClCompile>
    <ClCompile Include="..\common\EffekseerPluginSound.cpp">
      <Filter>common</Filter>
    </ClCompile>
    <ClCompile Include="..\common\EffekseerPluginModel.cpp">
      <Filter>common</Filter>
    </ClCompile>
    <ClCompile Include="..\renderer\EffekseerRendererIndexBuffer.cpp">
      <Filter>renderer</Filter>
    </ClCompile>
    <ClCompile Include="..\renderer\EffekseerRendererRenderState.cpp">
      <Filter>renderer</Filter>
    </ClCompile>
    <ClCompile Include="..\renderer\EffekseerRendererShader.cpp">
      <Filter>renderer</Filter>
    </ClCompile>
    <ClCompile Include="..\renderer\EffekseerRendererVertexBuffer.cpp">
      <Filter>renderer</Filter>
    </ClCompile>
    <ClCompile Include="..\renderer\EffekseerRendererImplemented.cpp">
      <Filter>renderer</Filter>
    </ClCompile>
    <ClCompile Include="..\renderer\EffekseerRendererModelLoader.cpp">
      <Filter>renderer</Filter>
    </ClCompile>
    <ClCompile Include="..\renderer\EffekseerRendererTextureLoader.cpp">
      <Filter>renderer</Filter>
    </ClCompile>
    <ClCompile Include="..\common\EffekseerPluginNetwork.cpp">
      <Filter>common</Filter>
    </ClCompile>
    <ClCompile Include="..\graphicsAPI\EffekseerPluginGraphics.cpp">
      <Filter>graphicsAPI</Filter>
    </ClCompile>
    <ClCompile Include="..\graphicsAPI\EffekseerPluginGraphicsDX11.cpp">
      <Filter>graphicsAPI</Filter>
    </ClCompile>
    <ClCompile Include="..\graphicsAPI\EffekseerPluginGraphicsDX9.cpp">
      <Filter>graphicsAPI</Filter>
    </ClCompile>
    <ClCompile Include="..\graphicsAPI\EffekseerPluginGraphicsGL.cpp">
      <Filter>graphicsAPI</Filter>
    </ClCompile>
    <ClCompile Include="..\graphicsAPI\EffekseerPluginGraphicsUnity.cpp">
      <Filter>graphicsAPI</Filter>
    </ClCompile>
    <ClCompile Include="..\common\EffekseerPlugin.cpp">
      <Filter>common</Filter>
    </ClCompile>
  </ItemGroup>
  <ItemGroup>
    <Filter Include="common">
      <UniqueIdentifier>{abadf776-f0f6-47a9-9c92-bbee07c4ffce}</UniqueIdentifier>
    </Filter>
    <Filter Include="renderer">
      <UniqueIdentifier>{e6858b00-366a-44ec-b559-d3b8886038cc}</UniqueIdentifier>
    </Filter>
    <Filter Include="graphicsAPI">
      <UniqueIdentifier>{615d1ca3-c260-4222-8bf1-f93487f91892}</UniqueIdentifier>
    </Filter>
  </ItemGroup>
  <ItemGroup>
    <ClInclude Include="..\common\EffekseerPluginCommon.h">
      <Filter>common</Filter>
    </ClInclude>
    <ClInclude Include="..\common\EffekseerPluginSound.h">
      <Filter>common</Filter>
    </ClInclude>
    <ClInclude Include="..\common\EffekseerPluginModel.h">
      <Filter>common</Filter>
    </ClInclude>
    <ClInclude Include="..\common\EffekseerPluginTexture.h">
      <Filter>common</Filter>
    </ClInclude>
    <ClInclude Include="..\renderer\EffekseerRendererImplemented.h">
      <Filter>renderer</Filter>
    </ClInclude>
    <ClInclude Include="..\renderer\EffekseerRendererIndexBuffer.h">
      <Filter>renderer</Filter>
    </ClInclude>
    <ClInclude Include="..\renderer\EffekseerRendererRenderState.h">
      <Filter>renderer</Filter>
    </ClInclude>
    <ClInclude Include="..\renderer\EffekseerRendererShader.h">
      <Filter>renderer</Filter>
    </ClInclude>
    <ClInclude Include="..\renderer\EffekseerRendererVertexBuffer.h">
      <Filter>renderer</Filter>
    </ClInclude>
    <ClInclude Include="..\renderer\EffekseerRendererModelLoader.h">
      <Filter>renderer</Filter>
    </ClInclude>
    <ClInclude Include="..\renderer\EffekseerRendererTextureLoader.h">
      <Filter>renderer</Filter>
    </ClInclude>
    <ClInclude Include="..\common\EffekseerPluginNetwork.h">
      <Filter>common</Filter>
    </ClInclude>
    <ClInclude Include="..\graphicsAPI\EffekseerPluginGraphics.h">
      <Filter>graphicsAPI</Filter>
    </ClInclude>
    <ClInclude Include="..\graphicsAPI\EffekseerPluginGraphicsDX11.h">
      <Filter>graphicsAPI</Filter>
    </ClInclude>
    <ClInclude Include="..\graphicsAPI\EffekseerPluginGraphicsDX9.h">
      <Filter>graphicsAPI</Filter>
    </ClInclude>
    <ClInclude Include="..\graphicsAPI\EffekseerPluginGraphicsGL.h">
      <Filter>graphicsAPI</Filter>
    </ClInclude>
    <ClInclude Include="..\graphicsAPI\EffekseerPluginGraphicsUnity.h">
      <Filter>graphicsAPI</Filter>
    </ClInclude>
    <ClInclude Include="..\common\EffekseerPlugin.h">
      <Filter>common</Filter>
    </ClInclude>
  </ItemGroup>
  <ItemGroup>
    <None Include="EffekseerUnity.def" />
  </ItemGroup>
</Project>